# This file is automatically @generated by Cargo.
# It is not intended for manual editing.
version = 4

[[package]]
name = "venus_analyzer"
version = "0.1.0"
dependencies = [
 "venus_lexer",
 "venus_parser",
]

[[package]]
name = "venus_compiler"
version = "0.1.0"
dependencies = [
 "venus_analyzer",
 "venus_lexer",
 "venus_parser",
]

[[package]]
name = "venus_lexer"
version = "0.1.0"

[[package]]
name = "venus_parser"
version = "0.1.0"
dependencies = [
 "venus_lexer",
]
